
Microsoft Visual Studio Solution File, Format Version 12.00
# Visual Studio Version 16
VisualStudioVersion = 16.0.28922.388
MinimumVisualStudioVersion = 10.0.40219.1
Project("{FAE04EC0-301F-11D3-BF4B-00C04F79EFBC}") = "Docms.IntegrationTests", "tests\Docms.IntegrationTests\Docms.IntegrationTests.csproj", "{1F70C59C-5F02-43C5-8291-27B01BDB9C5F}"
EndProject
Global
	GlobalSection(SolutionConfigurationPlatforms) = preSolution
		Debug|Any CPU = Debug|Any CPU
		Release|Any CPU = Release|Any CPU
	EndGlobalSection
	GlobalSection(ProjectConfigurationPlatforms) = postSolution
		{1F70C59C-5F02-43C5-8291-27B01BDB9C5F}.Debug|Any CPU.ActiveCfg = Debug|Any CPU
		{1F70C59C-5F02-43C5-8291-27B01BDB9C5F}.Debug|Any CPU.Build.0 = Debug|Any CPU
		{1F70C59C-5F02-43C5-8291-27B01BDB9C5F}.Release|Any CPU.ActiveCfg = Release|Any CPU
		{1F70C59C-5F02-43C5-8291-27B01BDB9C5F}.Release|Any CPU.Build.0 = Release|Any CPU
	EndGlobalSection
	GlobalSection(SolutionProperties) = preSolution
		HideSolutionNode = FALSE
	EndGlobalSection
	GlobalSection(ExtensibilityGlobals) = postSolution
		SolutionGuid = {18722990-C2E0-458D-90DC-7E02070523B4}
	EndGlobalSection
EndGlobal
