Microsoft Visual Studio Solution File, Format Version 12.00
# Visual Studio 15
VisualStudioVersion = 15.0.26124.0
MinimumVisualStudioVersion = 15.0.26124.0
Project("{9A19103F-16F7-4668-BE54-9A1E7A4F7556}") = "Docms.Web", "Docms.Web\Docms.Web.csproj", "{C844B531-5963-42FD-9A1D-5A3C975C925F}"
EndProject
Project("{9A19103F-16F7-4668-BE54-9A1E7A4F7556}") = "Docms.Web.Tests", "Docms.Web.Tests\Docms.Web.Tests.csproj", "{CFD2A881-3866-407D-AF8B-6A450414D7AE}"
EndProject
Project("{9A19103F-16F7-4668-BE54-9A1E7A4F7556}") = "Docms.Web.IntegrationTests", "Docms.Web.IntegrationTests\Docms.Web.IntegrationTests.csproj", "{DB178F7D-FE96-4BC1-A891-2442DB6D78A1}"
EndProject
Project("{FAE04EC0-301F-11D3-BF4B-00C04F79EFBC}") = "Docms.Web.VisualizationSystem", "Docms.Web.VisualizationSystem\Docms.Web.VisualizationSystem.csproj", "{67823D72-8D37-4426-ADED-0392C4B2C78B}"
EndProject
Global
	GlobalSection(SolutionConfigurationPlatforms) = preSolution
		Debug|Any CPU = Debug|Any CPU
		Debug|x64 = Debug|x64
		Debug|x86 = Debug|x86
		Release|Any CPU = Release|Any CPU
		Release|x64 = Release|x64
		Release|x86 = Release|x86
	EndGlobalSection
	GlobalSection(ProjectConfigurationPlatforms) = postSolution
		{C844B531-5963-42FD-9A1D-5A3C975C925F}.Debug|Any CPU.ActiveCfg = Debug|Any CPU
		{C844B531-5963-42FD-9A1D-5A3C975C925F}.Debug|Any CPU.Build.0 = Debug|Any CPU
		{C844B531-5963-42FD-9A1D-5A3C975C925F}.Debug|x64.ActiveCfg = Debug|Any CPU
		{C844B531-5963-42FD-9A1D-5A3C975C925F}.Debug|x64.Build.0 = Debug|Any CPU
		{C844B531-5963-42FD-9A1D-5A3C975C925F}.Debug|x86.ActiveCfg = Debug|Any CPU
		{C844B531-5963-42FD-9A1D-5A3C975C925F}.Debug|x86.Build.0 = Debug|Any CPU
		{C844B531-5963-42FD-9A1D-5A3C975C925F}.Release|Any CPU.ActiveCfg = Release|Any CPU
		{C844B531-5963-42FD-9A1D-5A3C975C925F}.Release|Any CPU.Build.0 = Release|Any CPU
		{C844B531-5963-42FD-9A1D-5A3C975C925F}.Release|x64.ActiveCfg = Release|Any CPU
		{C844B531-5963-42FD-9A1D-5A3C975C925F}.Release|x64.Build.0 = Release|Any CPU
		{C844B531-5963-42FD-9A1D-5A3C975C925F}.Release|x86.ActiveCfg = Release|Any CPU
		{C844B531-5963-42FD-9A1D-5A3C975C925F}.Release|x86.Build.0 = Release|Any CPU
		{CFD2A881-3866-407D-AF8B-6A450414D7AE}.Debug|Any CPU.ActiveCfg = Debug|Any CPU
		{CFD2A881-3866-407D-AF8B-6A450414D7AE}.Debug|Any CPU.Build.0 = Debug|Any CPU
		{CFD2A881-3866-407D-AF8B-6A450414D7AE}.Debug|x64.ActiveCfg = Debug|Any CPU
		{CFD2A881-3866-407D-AF8B-6A450414D7AE}.Debug|x64.Build.0 = Debug|Any CPU
		{CFD2A881-3866-407D-AF8B-6A450414D7AE}.Debug|x86.ActiveCfg = Debug|Any CPU
		{CFD2A881-3866-407D-AF8B-6A450414D7AE}.Debug|x86.Build.0 = Debug|Any CPU
		{CFD2A881-3866-407D-AF8B-6A450414D7AE}.Release|Any CPU.ActiveCfg = Release|Any CPU
		{CFD2A881-3866-407D-AF8B-6A450414D7AE}.Release|Any CPU.Build.0 = Release|Any CPU
		{CFD2A881-3866-407D-AF8B-6A450414D7AE}.Release|x64.ActiveCfg = Release|Any CPU
		{CFD2A881-3866-407D-AF8B-6A450414D7AE}.Release|x64.Build.0 = Release|Any CPU
		{CFD2A881-3866-407D-AF8B-6A450414D7AE}.Release|x86.ActiveCfg = Release|Any CPU
		{CFD2A881-3866-407D-AF8B-6A450414D7AE}.Release|x86.Build.0 = Release|Any CPU
		{DB178F7D-FE96-4BC1-A891-2442DB6D78A1}.Debug|Any CPU.ActiveCfg = Debug|Any CPU
		{DB178F7D-FE96-4BC1-A891-2442DB6D78A1}.Debug|Any CPU.Build.0 = Debug|Any CPU
		{DB178F7D-FE96-4BC1-A891-2442DB6D78A1}.Debug|x64.ActiveCfg = Debug|Any CPU
		{DB178F7D-FE96-4BC1-A891-2442DB6D78A1}.Debug|x64.Build.0 = Debug|Any CPU
		{DB178F7D-FE96-4BC1-A891-2442DB6D78A1}.Debug|x86.ActiveCfg = Debug|Any CPU
		{DB178F7D-FE96-4BC1-A891-2442DB6D78A1}.Debug|x86.Build.0 = Debug|Any CPU
		{DB178F7D-FE96-4BC1-A891-2442DB6D78A1}.Release|Any CPU.ActiveCfg = Release|Any CPU
		{DB178F7D-FE96-4BC1-A891-2442DB6D78A1}.Release|Any CPU.Build.0 = Release|Any CPU
		{DB178F7D-FE96-4BC1-A891-2442DB6D78A1}.Release|x64.ActiveCfg = Release|Any CPU
		{DB178F7D-FE96-4BC1-A891-2442DB6D78A1}.Release|x64.Build.0 = Release|Any CPU
		{DB178F7D-FE96-4BC1-A891-2442DB6D78A1}.Release|x86.ActiveCfg = Release|Any CPU
		{DB178F7D-FE96-4BC1-A891-2442DB6D78A1}.Release|x86.Build.0 = Release|Any CPU
		{67823D72-8D37-4426-ADED-0392C4B2C78B}.Debug|Any CPU.ActiveCfg = Debug|Any CPU
		{67823D72-8D37-4426-ADED-0392C4B2C78B}.Debug|Any CPU.Build.0 = Debug|Any CPU
		{67823D72-8D37-4426-ADED-0392C4B2C78B}.Debug|x64.ActiveCfg = Debug|Any CPU
		{67823D72-8D37-4426-ADED-0392C4B2C78B}.Debug|x64.Build.0 = Debug|Any CPU
		{67823D72-8D37-4426-ADED-0392C4B2C78B}.Debug|x86.ActiveCfg = Debug|Any CPU
		{67823D72-8D37-4426-ADED-0392C4B2C78B}.Debug|x86.Build.0 = Debug|Any CPU
		{67823D72-8D37-4426-ADED-0392C4B2C78B}.Release|Any CPU.ActiveCfg = Release|Any CPU
		{67823D72-8D37-4426-ADED-0392C4B2C78B}.Release|Any CPU.Build.0 = Release|Any CPU
		{67823D72-8D37-4426-ADED-0392C4B2C78B}.Release|x64.ActiveCfg = Release|Any CPU
		{67823D72-8D37-4426-ADED-0392C4B2C78B}.Release|x64.Build.0 = Release|Any CPU
		{67823D72-8D37-4426-ADED-0392C4B2C78B}.Release|x86.ActiveCfg = Release|Any CPU
		{67823D72-8D37-4426-ADED-0392C4B2C78B}.Release|x86.Build.0 = Release|Any CPU
	EndGlobalSection
	GlobalSection(SolutionProperties) = preSolution
		HideSolutionNode = FALSE
	EndGlobalSection
	GlobalSection(ExtensibilityGlobals) = postSolution
		SolutionGuid = {20D10EDD-898B-4671-AF8A-A95BE0DB975D}
	EndGlobalSection
EndGlobal
